
Microsoft Visual Studio Solution File, Format Version 12.00
# Visual Studio Version 17
VisualStudioVersion = 17.14.36202.13 d17.14
MinimumVisualStudioVersion = 10.0.40219.1
Project("{FAE04EC0-301F-11D3-BF4B-00C04F79EFBC}") = "TextEditor", "TextEditor\TextEditor.csproj", "{EC871AD1-650A-470C-8B76-63C44ED571EE}"
EndProject
Global
	GlobalSection(SolutionConfigurationPlatforms) = preSolution
		Debug|Any CPU = Debug|Any CPU
		Release|Any CPU = Release|Any CPU
	EndGlobalSection
	GlobalSection(ProjectConfigurationPlatforms) = postSolution
		{EC871AD1-650A-470C-8B76-63C44ED571EE}.Debug|Any CPU.ActiveCfg = Debug|Any CPU
		{EC871AD1-650A-470C-8B76-63C44ED571EE}.Debug|Any CPU.Build.0 = Debug|Any CPU
		{EC871AD1-650A-470C-8B76-63C44ED571EE}.Release|Any CPU.ActiveCfg = Release|Any CPU
		{EC871AD1-650A-470C-8B76-63C44ED571EE}.Release|Any CPU.Build.0 = Release|Any CPU
	EndGlobalSection
	GlobalSection(SolutionProperties) = preSolution
		HideSolutionNode = FALSE
	EndGlobalSection
	GlobalSection(ExtensibilityGlobals) = postSolution
		SolutionGuid = {9668D722-E97E-4FDB-AF29-54E40C4D1941}
	EndGlobalSection
EndGlobal
